
Microsoft Visual Studio Solution File, Format Version 12.00
# Visual Studio Version 16
VisualStudioVersion = 16.0.34407.143
MinimumVisualStudioVersion = 10.0.40219.1
Project("{F2A71F9B-5D33-465A-A702-920D77279786}") = "GitHub-Actions", "GitHub-Actions.fsproj", "{5E627972-CFC1-4856-AB91-E386C5ACCA83}"
EndProject
Global
	GlobalSection(SolutionConfigurationPlatforms) = preSolution
		Debug|Any CPU = Debug|Any CPU
		Release|Any CPU = Release|Any CPU
	EndGlobalSection
	GlobalSection(ProjectConfigurationPlatforms) = postSolution
		{5E627972-CFC1-4856-AB91-E386C5ACCA83}.Debug|Any CPU.ActiveCfg = Debug|Any CPU
		{5E627972-CFC1-4856-AB91-E386C5ACCA83}.Debug|Any CPU.Build.0 = Debug|Any CPU
		{5E627972-CFC1-4856-AB91-E386C5ACCA83}.Release|Any CPU.ActiveCfg = Release|Any CPU
		{5E627972-CFC1-4856-AB91-E386C5ACCA83}.Release|Any CPU.Build.0 = Release|Any CPU
	EndGlobalSection
	GlobalSection(SolutionProperties) = preSolution
		HideSolutionNode = FALSE
	EndGlobalSection
	GlobalSection(ExtensibilityGlobals) = postSolution
		SolutionGuid = {FF500AA0-36DF-4872-A172-F2201CD594E0}
	EndGlobalSection
EndGlobal
